// !$*UTF8*$!
{
	archiveVersion = 1;
	classes = {
	};
	objectVersion = 46;
	objects = {

/* Begin PBXBuildFile section */
		3CCDA27C1DA6F19200304DF7 /* main.cpp in Sources */ = {isa = PBXBuildFile; fileRef = 3CCDA27B1DA6F19200304DF7 /* main.cpp */; };
		3CCDA2831DA6F9D200304DF7 /* Reci5.cpp in Sources */ = {isa = PBXBuildFile; fileRef = 3CCDA2821DA6F9D200304DF7 /* Reci5.cpp */; };
/* End PBXBuildFile section */

/* Begin PBXCopyFilesBuildPhase section */
		3CCDA2761DA6F19200304DF7 /* CopyFiles */ = {
			isa = PBXCopyFilesBuildPhase;
			buildActionMask = 2147483647;
			dstPath = /usr/share/man/man1/;
			dstSubfolderSpec = 0;
			files = (
			);
			runOnlyForDeploymentPostprocessing = 1;
		};
/* End PBXCopyFilesBuildPhase section */

/* Begin PBXFileReference section */
		3CCDA2781DA6F19200304DF7 /* Lab5.cpp */ = {isa = PBXFileReference; explicitFileType = "compiled.mach-o.executable"; includeInIndex = 0; path = Lab5.cpp; sourceTree = BUILT_PRODUCTS_DIR; };
		3CCDA27B1DA6F19200304DF7 /* main.cpp */ = {isa = PBXFileReference; lastKnownFileType = sourcecode.cpp.cpp; path = main.cpp; sourceTree = "<group>"; };
		3CCDA2821DA6F9D200304DF7 /* Reci5.cpp */ = {isa = PBXFileReference; fileEncoding = 4; lastKnownFileType = sourcecode.cpp.cpp; name = Reci5.cpp; path = Recitation5/Reci5.cpp; sourceTree = "<group>"; };
/* End PBXFileReference section */

/* Begin PBXFrameworksBuildPhase section */
		3CCDA2751DA6F19200304DF7 /* Frameworks */ = {
			isa = PBXFrameworksBuildPhase;
			buildActionMask = 2147483647;
			files = (
			);
			runOnlyForDeploymentPostprocessing = 0;
		};
/* End PBXFrameworksBuildPhase section */

/* Begin PBXGroup section */
		3CCDA26F1DA6F19200304DF7 = {
			isa = PBXGroup;
			children = (
				3CCDA2821DA6F9D200304DF7 /* Reci5.cpp */,
				3CCDA27A1DA6F19200304DF7 /* Lab5.cpp */,
				3CCDA2791DA6F19200304DF7 /* Products */,
			);
			sourceTree = "<group>";
		};
		3CCDA2791DA6F19200304DF7 /* Products */ = {
			isa = PBXGroup;
			children = (
				3CCDA2781DA6F19200304DF7 /* Lab5.cpp */,
			);
			name = Products;
			sourceTree = "<group>";
		};
		3CCDA27A1DA6F19200304DF7 /* Lab5.cpp */ = {
			isa = PBXGroup;
			children = (
				3CCDA27B1DA6F19200304DF7 /* main.cpp */,
			);
			path = Lab5.cpp;
			sourceTree = "<group>";
		};
/* End PBXGroup section */

/* Begin PBXNativeTarget section */
		3CCDA2771DA6F19200304DF7 /* Lab5.cpp */ = {
			isa = PBXNativeTarget;
			buildConfigurationList = 3CCDA27F1DA6F19200304DF7 /* Build configuration list for PBXNativeTarget "Lab5.cpp" */;
			buildPhases = (
				3CCDA2741DA6F19200304DF7 /* Sources */,
				3CCDA2751DA6F19200304DF7 /* Frameworks */,
				3CCDA2761DA6F19200304DF7 /* CopyFiles */,
			);
			buildRules = (
			);
			dependencies = (
			);
			name = Lab5.cpp;
			productName = Lab5.cpp;
			productReference = 3CCDA2781DA6F19200304DF7 /* Lab5.cpp */;
			productType = "com.apple.product-type.tool";
		};
/* End PBXNativeTarget section */

/* Begin PBXProject section */
		3CCDA2701DA6F19200304DF7 /* Project object */ = {
			isa = PBXProject;
			attributes = {
				LastUpgradeCheck = 0730;
				ORGANIZATIONNAME = "Nabil Ettachfini";
				TargetAttributes = {
					3CCDA2771DA6F19200304DF7 = {
						CreatedOnToolsVersion = 7.3.1;
					};
				};
			};
			buildConfigurationList = 3CCDA2731DA6F19200304DF7 /* Build configuration list for PBXProject "Lab5.cpp" */;
			compatibilityVersion = "Xcode 3.2";
			developmentRegion = English;
			hasScannedForEncodings = 0;
			knownRegions = (
				en,
			);
			mainGroup = 3CCDA26F1DA6F19200304DF7;
			productRefGroup = 3CCDA2791DA6F19200304DF7 /* Products */;
			projectDirPath = "";
			projectRoot = "";
			targets = (
				3CCDA2771DA6F19200304DF7 /* Lab5.cpp */,
			);
		};
/* End PBXProject section */

/* Begin PBXSourcesBuildPhase section */
		3CCDA2741DA6F19200304DF7 /* Sources */ = {
			isa = PBXSourcesBuildPhase;
			buildActionMask = 2147483647;
			files = (
				3CCDA2831DA6F9D200304DF7 /* Reci5.cpp in Sources */,
				3CCDA27C1DA6F19200304DF7 /* main.cpp in Sources */,
			);
			runOnlyForDeploymentPostprocessing = 0;
		};
/* End PBXSourcesBuildPhase section */

/* Begin XCBuildConfiguration section */
		3CCDA27D1DA6F19200304DF7 /* Debug */ = {
			isa = XCBuildConfiguration;
			buildSettings = {
				ALWAYS_SEARCH_USER_PATHS = NO;
				CLANG_ANALYZER_NONNULL = YES;
				CLANG_CXX_LANGUAGE_STANDARD = "gnu++0x";
				CLANG_CXX_LIBRARY = "libc++";
				CLANG_ENABLE_MODULES = YES;
				CLANG_ENABLE_OBJC_ARC = YES;
				CLANG_WARN_BOOL_CONVERSION = YES;
				CLANG_WARN_CONSTANT_CONVERSION = YES;
				CLANG_WARN_DIRECT_OBJC_ISA_USAGE = YES_ERROR;
				CLANG_WARN_EMPTY_BODY = YES;
				CLANG_WARN_ENUM_CONVERSION = YES;
				CLANG_WARN_INT_CONVERSION = YES;
				CLANG_WARN_OBJC_ROOT_CLASS = YES_ERROR;
				CLANG_WARN_UNREACHABLE_CODE = YES;
				CLANG_WARN__DUPLICATE_METHOD_MATCH = YES;
				CODE_SIGN_IDENTITY = "-";
				COPY_PHASE_STRIP = NO;
				DEBUG_INFORMATION_FORMAT = dwarf;
				ENABLE_STRICT_OBJC_MSGSEND = YES;
				ENABLE_TESTABILITY = YES;
				GCC_C_LANGUAGE_STANDARD = gnu99;
				GCC_DYNAMIC_NO_PIC = NO;
				GCC_NO_COMMON_BLOCKS = YES;
				GCC_OPTIMIZATION_LEVEL = 0;
				GCC_PREPROCESSOR_DEFINITIONS = (
					"DEBUG=1",
					"$(inherited)",
				);
				GCC_WARN_64_TO_32_BIT_CONVERSION = YES;
				GCC_WARN_ABOUT_RETURN_TYPE = YES_ERROR;
				GCC_WARN_UNDECLARED_SELECTOR = YES;
				GCC_WARN_UNINITIALIZED_AUTOS = YES_AGGRESSIVE;
				GCC_WARN_UNUSED_FUNCTION = YES;
				GCC_WARN_UNUSED_VARIABLE = YES;
				MACOSX_DEPLOYMENT_TARGET = 10.11;
				MTL_ENABLE_DEBUG_INFO = YES;
				ONLY_ACTIVE_ARCH = YES;
				SDKROOT = macosx;
			};
			name = Debug;
		};
		3CCDA27E1DA6F19200304DF7 /* Release */ = {
			isa = XCBuildConfiguration;
			buildSettings = {
				ALWAYS_SEARCH_USER_PATHS = NO;
				CLANG_ANALYZER_NONNULL = YES;
				CLANG_CXX_LANGUAGE_STANDARD = "gnu++0x";
				CLANG_CXX_LIBRARY = "libc++";
				CLANG_ENABLE_MODULES = YES;
				CLANG_ENABLE_OBJC_ARC = YES;
				CLANG_WARN_BOOL_CONVERSION = YES;
				CLANG_WARN_CONSTANT_CONVERSION = YES;
				CLANG_WARN_DIRECT_OBJC_ISA_USAGE = YES_ERROR;
				CLANG_WARN_EMPTY_BODY = YES;
				CLANG_WARN_ENUM_CONVERSION = YES;
				CLANG_WARN_INT_CONVERSION = YES;
				CLANG_WARN_OBJC_ROOT_CLASS = YES_ERROR;
				CLANG_WARN_UNREACHABLE_CODE = YES;
				CLANG_WARN__DUPLICATE_METHOD_MATCH = YES;
				CODE_SIGN_IDENTITY = "-";
				COPY_PHASE_STRIP = NO;
				DEBUG_INFORMATION_FORMAT = "dwarf-with-dsym";
				ENABLE_NS_ASSERTIONS = NO;
				ENABLE_STRICT_OBJC_MSGSEND = YES;
				GCC_C_LANGUAGE_STANDARD = gnu99;
				GCC_NO_COMMON_BLOCKS = YES;
				GCC_WARN_64_TO_32_BIT_CONVERSION = YES;
				GCC_WARN_ABOUT_RETURN_TYPE = YES_ERROR;
				GCC_WARN_UNDECLARED_SELECTOR = YES;
				GCC_WARN_UNINITIALIZED_AUTOS = YES_AGGRESSIVE;
				GCC_WARN_UNUSED_FUNCTION = YES;
				GCC_WARN_UNUSED_VARIABLE = YES;
				MACOSX_DEPLOYMENT_TARGET = 10.11;
				MTL_ENABLE_DEBUG_INFO = NO;
				SDKROOT = macosx;
			};
			name = Release;
		};
		3CCDA2801DA6F19200304DF7 /* Debug */ = {
			isa = XCBuildConfiguration;
			buildSettings = {
				PRODUCT_NAME = "$(TARGET_NAME)";
			};
			name = Debug;
		};
		3CCDA2811DA6F19200304DF7 /* Release */ = {
			isa = XCBuildConfiguration;
			buildSettings = {
				PRODUCT_NAME = "$(TARGET_NAME)";
			};
			name = Release;
		};
/* End XCBuildConfiguration section */

/* Begin XCConfigurationList section */
		3CCDA2731DA6F19200304DF7 /* Build configuration list for PBXProject "Lab5.cpp" */ = {
			isa = XCConfigurationList;
			buildConfigurations = (
				3CCDA27D1DA6F19200304DF7 /* Debug */,
				3CCDA27E1DA6F19200304DF7 /* Release */,
			);
			defaultConfigurationIsVisible = 0;
			defaultConfigurationName = Release;
		};
		3CCDA27F1DA6F19200304DF7 /* Build configuration list for PBXNativeTarget "Lab5.cpp" */ = {
			isa = XCConfigurationList;
			buildConfigurations = (
				3CCDA2801DA6F19200304DF7 /* Debug */,
				3CCDA2811DA6F19200304DF7 /* Release */,
			);
			defaultConfigurationIsVisible = 0;
		};
/* End XCConfigurationList section */
	};
	rootObject = 3CCDA2701DA6F19200304DF7 /* Project object */;
}
