// !$*UTF8*$!
{
	archiveVersion = 1;
	classes = {
	};
	objectVersion = 46;
	objects = {

/* Begin PBXBuildFile section */
		3C318F111DC2936A00FD8C83 /* Lab8.cpp in Sources */ = {isa = PBXBuildFile; fileRef = 3C318F101DC2936A00FD8C83 /* Lab8.cpp */; };
		3C318F191DC2A7BF00FD8C83 /* Driver.cpp in Sources */ = {isa = PBXBuildFile; fileRef = 3C318F181DC2A7BF00FD8C83 /* Driver.cpp */; };
/* End PBXBuildFile section */

/* Begin PBXCopyFilesBuildPhase section */
		3C318F0B1DC2936500FD8C83 /* CopyFiles */ = {
			isa = PBXCopyFilesBuildPhase;
			buildActionMask = 2147483647;
			dstPath = /usr/share/man/man1/;
			dstSubfolderSpec = 0;
			files = (
			);
			runOnlyForDeploymentPostprocessing = 1;
		};
/* End PBXCopyFilesBuildPhase section */

/* Begin PBXFileReference section */
		3C318F0D1DC2936A00FD8C83 /* Lab8.cpp */ = {isa = PBXFileReference; explicitFileType = "compiled.mach-o.executable"; includeInIndex = 0; path = Lab8.cpp; sourceTree = BUILT_PRODUCTS_DIR; };
		3C318F101DC2936A00FD8C83 /* Lab8.cpp */ = {isa = PBXFileReference; lastKnownFileType = sourcecode.cpp.cpp; path = Lab8.cpp; sourceTree = "<group>"; };
		3C318F171DC2A72100FD8C83 /* Lab8StarterCode.hpp */ = {isa = PBXFileReference; lastKnownFileType = sourcecode.cpp.h; path = Lab8StarterCode.hpp; sourceTree = "<group>"; };
		3C318F181DC2A7BF00FD8C83 /* Driver.cpp */ = {isa = PBXFileReference; fileEncoding = 4; lastKnownFileType = sourcecode.cpp.cpp; name = Driver.cpp; path = ../../../../../../Downloads/Driver.cpp; sourceTree = "<group>"; };
/* End PBXFileReference section */

/* Begin PBXFrameworksBuildPhase section */
		3C318F0A1DC2936500FD8C83 /* Frameworks */ = {
			isa = PBXFrameworksBuildPhase;
			buildActionMask = 2147483647;
			files = (
			);
			runOnlyForDeploymentPostprocessing = 0;
		};
/* End PBXFrameworksBuildPhase section */

/* Begin PBXGroup section */
		3C318F041DC2936400FD8C83 = {
			isa = PBXGroup;
			children = (
				3C318F0F1DC2936A00FD8C83 /* Lab8.cpp */,
				3C318F0E1DC2936A00FD8C83 /* Products */,
			);
			sourceTree = "<group>";
		};
		3C318F0E1DC2936A00FD8C83 /* Products */ = {
			isa = PBXGroup;
			children = (
				3C318F0D1DC2936A00FD8C83 /* Lab8.cpp */,
			);
			name = Products;
			sourceTree = "<group>";
		};
		3C318F0F1DC2936A00FD8C83 /* Lab8.cpp */ = {
			isa = PBXGroup;
			children = (
				3C318F101DC2936A00FD8C83 /* Lab8.cpp */,
				3C318F171DC2A72100FD8C83 /* Lab8StarterCode.hpp */,
				3C318F181DC2A7BF00FD8C83 /* Driver.cpp */,
			);
			path = Lab8.cpp;
			sourceTree = "<group>";
		};
/* End PBXGroup section */

/* Begin PBXNativeTarget section */
		3C318F0C1DC2936500FD8C83 /* Lab8.cpp */ = {
			isa = PBXNativeTarget;
			buildConfigurationList = 3C318F141DC2936A00FD8C83 /* Build configuration list for PBXNativeTarget "Lab8.cpp" */;
			buildPhases = (
				3C318F091DC2936500FD8C83 /* Sources */,
				3C318F0A1DC2936500FD8C83 /* Frameworks */,
				3C318F0B1DC2936500FD8C83 /* CopyFiles */,
			);
			buildRules = (
			);
			dependencies = (
			);
			name = Lab8.cpp;
			productName = Lab8.cpp;
			productReference = 3C318F0D1DC2936A00FD8C83 /* Lab8.cpp */;
			productType = "com.apple.product-type.tool";
		};
/* End PBXNativeTarget section */

/* Begin PBXProject section */
		3C318F051DC2936400FD8C83 /* Project object */ = {
			isa = PBXProject;
			attributes = {
				LastUpgradeCheck = 0800;
				ORGANIZATIONNAME = "Nabil Ettachfini";
				TargetAttributes = {
					3C318F0C1DC2936500FD8C83 = {
						CreatedOnToolsVersion = 8.0;
						ProvisioningStyle = Automatic;
					};
				};
			};
			buildConfigurationList = 3C318F081DC2936400FD8C83 /* Build configuration list for PBXProject "Lab8.cpp" */;
			compatibilityVersion = "Xcode 3.2";
			developmentRegion = English;
			hasScannedForEncodings = 0;
			knownRegions = (
				en,
			);
			mainGroup = 3C318F041DC2936400FD8C83;
			productRefGroup = 3C318F0E1DC2936A00FD8C83 /* Products */;
			projectDirPath = "";
			projectRoot = "";
			targets = (
				3C318F0C1DC2936500FD8C83 /* Lab8.cpp */,
			);
		};
/* End PBXProject section */

/* Begin PBXSourcesBuildPhase section */
		3C318F091DC2936500FD8C83 /* Sources */ = {
			isa = PBXSourcesBuildPhase;
			buildActionMask = 2147483647;
			files = (
				3C318F191DC2A7BF00FD8C83 /* Driver.cpp in Sources */,
				3C318F111DC2936A00FD8C83 /* Lab8.cpp in Sources */,
			);
			runOnlyForDeploymentPostprocessing = 0;
		};
/* End PBXSourcesBuildPhase section */

/* Begin XCBuildConfiguration section */
		3C318F121DC2936A00FD8C83 /* Debug */ = {
			isa = XCBuildConfiguration;
			buildSettings = {
				ALWAYS_SEARCH_USER_PATHS = NO;
				CLANG_ANALYZER_NONNULL = YES;
				CLANG_CXX_LANGUAGE_STANDARD = "gnu++0x";
				CLANG_CXX_LIBRARY = "libc++";
				CLANG_ENABLE_MODULES = YES;
				CLANG_ENABLE_OBJC_ARC = YES;
				CLANG_WARN_BOOL_CONVERSION = YES;
				CLANG_WARN_CONSTANT_CONVERSION = YES;
				CLANG_WARN_DIRECT_OBJC_ISA_USAGE = YES_ERROR;
				CLANG_WARN_DOCUMENTATION_COMMENTS = YES;
				CLANG_WARN_EMPTY_BODY = YES;
				CLANG_WARN_ENUM_CONVERSION = YES;
				CLANG_WARN_INFINITE_RECURSION = YES;
				CLANG_WARN_INT_CONVERSION = YES;
				CLANG_WARN_OBJC_ROOT_CLASS = YES_ERROR;
				CLANG_WARN_SUSPICIOUS_MOVES = YES;
				CLANG_WARN_UNREACHABLE_CODE = YES;
				CLANG_WARN__DUPLICATE_METHOD_MATCH = YES;
				CODE_SIGN_IDENTITY = "-";
				COPY_PHASE_STRIP = NO;
				DEBUG_INFORMATION_FORMAT = dwarf;
				ENABLE_STRICT_OBJC_MSGSEND = YES;
				ENABLE_TESTABILITY = YES;
				GCC_C_LANGUAGE_STANDARD = gnu99;
				GCC_DYNAMIC_NO_PIC = NO;
				GCC_NO_COMMON_BLOCKS = YES;
				GCC_OPTIMIZATION_LEVEL = 0;
				GCC_PREPROCESSOR_DEFINITIONS = (
					"DEBUG=1",
					"$(inherited)",
				);
				GCC_WARN_64_TO_32_BIT_CONVERSION = YES;
				GCC_WARN_ABOUT_RETURN_TYPE = YES_ERROR;
				GCC_WARN_UNDECLARED_SELECTOR = YES;
				GCC_WARN_UNINITIALIZED_AUTOS = YES_AGGRESSIVE;
				GCC_WARN_UNUSED_FUNCTION = YES;
				GCC_WARN_UNUSED_VARIABLE = YES;
				MACOSX_DEPLOYMENT_TARGET = 10.12;
				MTL_ENABLE_DEBUG_INFO = YES;
				ONLY_ACTIVE_ARCH = YES;
				SDKROOT = macosx;
			};
			name = Debug;
		};
		3C318F131DC2936A00FD8C83 /* Release */ = {
			isa = XCBuildConfiguration;
			buildSettings = {
				ALWAYS_SEARCH_USER_PATHS = NO;
				CLANG_ANALYZER_NONNULL = YES;
				CLANG_CXX_LANGUAGE_STANDARD = "gnu++0x";
				CLANG_CXX_LIBRARY = "libc++";
				CLANG_ENABLE_MODULES = YES;
				CLANG_ENABLE_OBJC_ARC = YES;
				CLANG_WARN_BOOL_CONVERSION = YES;
				CLANG_WARN_CONSTANT_CONVERSION = YES;
				CLANG_WARN_DIRECT_OBJC_ISA_USAGE = YES_ERROR;
				CLANG_WARN_DOCUMENTATION_COMMENTS = YES;
				CLANG_WARN_EMPTY_BODY = YES;
				CLANG_WARN_ENUM_CONVERSION = YES;
				CLANG_WARN_INFINITE_RECURSION = YES;
				CLANG_WARN_INT_CONVERSION = YES;
				CLANG_WARN_OBJC_ROOT_CLASS = YES_ERROR;
				CLANG_WARN_SUSPICIOUS_MOVES = YES;
				CLANG_WARN_UNREACHABLE_CODE = YES;
				CLANG_WARN__DUPLICATE_METHOD_MATCH = YES;
				CODE_SIGN_IDENTITY = "-";
				COPY_PHASE_STRIP = NO;
				DEBUG_INFORMATION_FORMAT = "dwarf-with-dsym";
				ENABLE_NS_ASSERTIONS = NO;
				ENABLE_STRICT_OBJC_MSGSEND = YES;
				GCC_C_LANGUAGE_STANDARD = gnu99;
				GCC_NO_COMMON_BLOCKS = YES;
				GCC_WARN_64_TO_32_BIT_CONVERSION = YES;
				GCC_WARN_ABOUT_RETURN_TYPE = YES_ERROR;
				GCC_WARN_UNDECLARED_SELECTOR = YES;
				GCC_WARN_UNINITIALIZED_AUTOS = YES_AGGRESSIVE;
				GCC_WARN_UNUSED_FUNCTION = YES;
				GCC_WARN_UNUSED_VARIABLE = YES;
				MACOSX_DEPLOYMENT_TARGET = 10.12;
				MTL_ENABLE_DEBUG_INFO = NO;
				SDKROOT = macosx;
			};
			name = Release;
		};
		3C318F151DC2936A00FD8C83 /* Debug */ = {
			isa = XCBuildConfiguration;
			buildSettings = {
				PRODUCT_NAME = "$(TARGET_NAME)";
			};
			name = Debug;
		};
		3C318F161DC2936A00FD8C83 /* Release */ = {
			isa = XCBuildConfiguration;
			buildSettings = {
				PRODUCT_NAME = "$(TARGET_NAME)";
			};
			name = Release;
		};
/* End XCBuildConfiguration section */

/* Begin XCConfigurationList section */
		3C318F081DC2936400FD8C83 /* Build configuration list for PBXProject "Lab8.cpp" */ = {
			isa = XCConfigurationList;
			buildConfigurations = (
				3C318F121DC2936A00FD8C83 /* Debug */,
				3C318F131DC2936A00FD8C83 /* Release */,
			);
			defaultConfigurationIsVisible = 0;
			defaultConfigurationName = Release;
		};
		3C318F141DC2936A00FD8C83 /* Build configuration list for PBXNativeTarget "Lab8.cpp" */ = {
			isa = XCConfigurationList;
			buildConfigurations = (
				3C318F151DC2936A00FD8C83 /* Debug */,
				3C318F161DC2936A00FD8C83 /* Release */,
			);
			defaultConfigurationIsVisible = 0;
		};
/* End XCConfigurationList section */
	};
	rootObject = 3C318F051DC2936400FD8C83 /* Project object */;
}
