// !$*UTF8*$!
{
	archiveVersion = 1;
	classes = {
	};
	objectVersion = 46;
	objects = {

/* Begin PBXBuildFile section */
		3C7AEBC01DA71FCF00A61942 /* main.cpp in Sources */ = {isa = PBXBuildFile; fileRef = 3C7AEBBF1DA71FCF00A61942 /* main.cpp */; };
		3C7AEBD31DA7242900A61942 /* MovieTree.cpp in Sources */ = {isa = PBXBuildFile; fileRef = 3C7AEBD21DA7242900A61942 /* MovieTree.cpp */; };
		3C7AEBD81DA7603300A61942 /* DriverHW5.cpp in Sources */ = {isa = PBXBuildFile; fileRef = 3C7AEBD71DA7603300A61942 /* DriverHW5.cpp */; };
/* End PBXBuildFile section */

/* Begin PBXCopyFilesBuildPhase section */
		3C7AEBBA1DA71FCF00A61942 /* CopyFiles */ = {
			isa = PBXCopyFilesBuildPhase;
			buildActionMask = 2147483647;
			dstPath = /usr/share/man/man1/;
			dstSubfolderSpec = 0;
			files = (
			);
			runOnlyForDeploymentPostprocessing = 1;
		};
/* End PBXCopyFilesBuildPhase section */

/* Begin PBXFileReference section */
		3C7AEBBC1DA71FCF00A61942 /* homework4.cpp */ = {isa = PBXFileReference; explicitFileType = "compiled.mach-o.executable"; includeInIndex = 0; path = homework4.cpp; sourceTree = BUILT_PRODUCTS_DIR; };
		3C7AEBBF1DA71FCF00A61942 /* main.cpp */ = {isa = PBXFileReference; lastKnownFileType = sourcecode.cpp.cpp; path = main.cpp; sourceTree = "<group>"; };
		3C7AEBD21DA7242900A61942 /* MovieTree.cpp */ = {isa = PBXFileReference; fileEncoding = 4; lastKnownFileType = sourcecode.cpp.cpp; name = MovieTree.cpp; path = ../../Homework4.cpp/homework4.cpp/MovieTree.cpp; sourceTree = "<group>"; };
		3C7AEBD61DA7601100A61942 /* MovieTree.hpp */ = {isa = PBXFileReference; fileEncoding = 4; lastKnownFileType = sourcecode.cpp.h; name = MovieTree.hpp; path = ../../Homework4.cpp/homework4.cpp/MovieTree.hpp; sourceTree = "<group>"; };
		3C7AEBD71DA7603300A61942 /* DriverHW5.cpp */ = {isa = PBXFileReference; fileEncoding = 4; lastKnownFileType = sourcecode.cpp.cpp; path = DriverHW5.cpp; sourceTree = "<group>"; };
/* End PBXFileReference section */

/* Begin PBXFrameworksBuildPhase section */
		3C7AEBB91DA71FCF00A61942 /* Frameworks */ = {
			isa = PBXFrameworksBuildPhase;
			buildActionMask = 2147483647;
			files = (
			);
			runOnlyForDeploymentPostprocessing = 0;
		};
/* End PBXFrameworksBuildPhase section */

/* Begin PBXGroup section */
		3C7AEBB31DA71FCF00A61942 = {
			isa = PBXGroup;
			children = (
				3C7AEBBE1DA71FCF00A61942 /* homework4.cpp */,
				3C7AEBBD1DA71FCF00A61942 /* Products */,
			);
			sourceTree = "<group>";
		};
		3C7AEBBD1DA71FCF00A61942 /* Products */ = {
			isa = PBXGroup;
			children = (
				3C7AEBBC1DA71FCF00A61942 /* homework4.cpp */,
			);
			name = Products;
			sourceTree = "<group>";
		};
		3C7AEBBE1DA71FCF00A61942 /* homework4.cpp */ = {
			isa = PBXGroup;
			children = (
				3C7AEBBF1DA71FCF00A61942 /* main.cpp */,
				3C7AEBD61DA7601100A61942 /* MovieTree.hpp */,
				3C7AEBD21DA7242900A61942 /* MovieTree.cpp */,
				3C7AEBD71DA7603300A61942 /* DriverHW5.cpp */,
			);
			path = homework4.cpp;
			sourceTree = "<group>";
		};
/* End PBXGroup section */

/* Begin PBXNativeTarget section */
		3C7AEBBB1DA71FCF00A61942 /* homework4.cpp */ = {
			isa = PBXNativeTarget;
			buildConfigurationList = 3C7AEBC31DA71FCF00A61942 /* Build configuration list for PBXNativeTarget "homework4.cpp" */;
			buildPhases = (
				3C7AEBB81DA71FCF00A61942 /* Sources */,
				3C7AEBB91DA71FCF00A61942 /* Frameworks */,
				3C7AEBBA1DA71FCF00A61942 /* CopyFiles */,
			);
			buildRules = (
			);
			dependencies = (
			);
			name = homework4.cpp;
			productName = homework4.cpp;
			productReference = 3C7AEBBC1DA71FCF00A61942 /* homework4.cpp */;
			productType = "com.apple.product-type.tool";
		};
/* End PBXNativeTarget section */

/* Begin PBXProject section */
		3C7AEBB41DA71FCF00A61942 /* Project object */ = {
			isa = PBXProject;
			attributes = {
				LastUpgradeCheck = 0800;
				ORGANIZATIONNAME = "Nabil Ettachfini";
				TargetAttributes = {
					3C7AEBBB1DA71FCF00A61942 = {
						CreatedOnToolsVersion = 7.3.1;
					};
				};
			};
			buildConfigurationList = 3C7AEBB71DA71FCF00A61942 /* Build configuration list for PBXProject "homework4.cpp" */;
			compatibilityVersion = "Xcode 3.2";
			developmentRegion = English;
			hasScannedForEncodings = 0;
			knownRegions = (
				en,
			);
			mainGroup = 3C7AEBB31DA71FCF00A61942;
			productRefGroup = 3C7AEBBD1DA71FCF00A61942 /* Products */;
			projectDirPath = "";
			projectRoot = "";
			targets = (
				3C7AEBBB1DA71FCF00A61942 /* homework4.cpp */,
			);
		};
/* End PBXProject section */

/* Begin PBXSourcesBuildPhase section */
		3C7AEBB81DA71FCF00A61942 /* Sources */ = {
			isa = PBXSourcesBuildPhase;
			buildActionMask = 2147483647;
			files = (
				3C7AEBD81DA7603300A61942 /* DriverHW5.cpp in Sources */,
				3C7AEBD31DA7242900A61942 /* MovieTree.cpp in Sources */,
				3C7AEBC01DA71FCF00A61942 /* main.cpp in Sources */,
			);
			runOnlyForDeploymentPostprocessing = 0;
		};
/* End PBXSourcesBuildPhase section */

/* Begin XCBuildConfiguration section */
		3C7AEBC11DA71FCF00A61942 /* Debug */ = {
			isa = XCBuildConfiguration;
			buildSettings = {
				ALWAYS_SEARCH_USER_PATHS = NO;
				CLANG_ANALYZER_NONNULL = YES;
				CLANG_CXX_LANGUAGE_STANDARD = "gnu++0x";
				CLANG_CXX_LIBRARY = "libc++";
				CLANG_ENABLE_MODULES = YES;
				CLANG_ENABLE_OBJC_ARC = YES;
				CLANG_WARN_BOOL_CONVERSION = YES;
				CLANG_WARN_CONSTANT_CONVERSION = YES;
				CLANG_WARN_DIRECT_OBJC_ISA_USAGE = YES_ERROR;
				CLANG_WARN_EMPTY_BODY = YES;
				CLANG_WARN_ENUM_CONVERSION = YES;
				CLANG_WARN_INFINITE_RECURSION = YES;
				CLANG_WARN_INT_CONVERSION = YES;
				CLANG_WARN_OBJC_ROOT_CLASS = YES_ERROR;
				CLANG_WARN_SUSPICIOUS_MOVE = YES;
				CLANG_WARN_UNREACHABLE_CODE = YES;
				CLANG_WARN__DUPLICATE_METHOD_MATCH = YES;
				CODE_SIGN_IDENTITY = "-";
				COPY_PHASE_STRIP = NO;
				DEBUG_INFORMATION_FORMAT = dwarf;
				ENABLE_STRICT_OBJC_MSGSEND = YES;
				ENABLE_TESTABILITY = YES;
				GCC_C_LANGUAGE_STANDARD = gnu99;
				GCC_DYNAMIC_NO_PIC = NO;
				GCC_NO_COMMON_BLOCKS = YES;
				GCC_OPTIMIZATION_LEVEL = 0;
				GCC_PREPROCESSOR_DEFINITIONS = (
					"DEBUG=1",
					"$(inherited)",
				);
				GCC_WARN_64_TO_32_BIT_CONVERSION = YES;
				GCC_WARN_ABOUT_RETURN_TYPE = YES_ERROR;
				GCC_WARN_UNDECLARED_SELECTOR = YES;
				GCC_WARN_UNINITIALIZED_AUTOS = YES_AGGRESSIVE;
				GCC_WARN_UNUSED_FUNCTION = YES;
				GCC_WARN_UNUSED_VARIABLE = YES;
				MACOSX_DEPLOYMENT_TARGET = 10.11;
				MTL_ENABLE_DEBUG_INFO = YES;
				ONLY_ACTIVE_ARCH = YES;
				SDKROOT = macosx;
			};
			name = Debug;
		};
		3C7AEBC21DA71FCF00A61942 /* Release */ = {
			isa = XCBuildConfiguration;
			buildSettings = {
				ALWAYS_SEARCH_USER_PATHS = NO;
				CLANG_ANALYZER_NONNULL = YES;
				CLANG_CXX_LANGUAGE_STANDARD = "gnu++0x";
				CLANG_CXX_LIBRARY = "libc++";
				CLANG_ENABLE_MODULES = YES;
				CLANG_ENABLE_OBJC_ARC = YES;
				CLANG_WARN_BOOL_CONVERSION = YES;
				CLANG_WARN_CONSTANT_CONVERSION = YES;
				CLANG_WARN_DIRECT_OBJC_ISA_USAGE = YES_ERROR;
				CLANG_WARN_EMPTY_BODY = YES;
				CLANG_WARN_ENUM_CONVERSION = YES;
				CLANG_WARN_INFINITE_RECURSION = YES;
				CLANG_WARN_INT_CONVERSION = YES;
				CLANG_WARN_OBJC_ROOT_CLASS = YES_ERROR;
				CLANG_WARN_SUSPICIOUS_MOVE = YES;
				CLANG_WARN_UNREACHABLE_CODE = YES;
				CLANG_WARN__DUPLICATE_METHOD_MATCH = YES;
				CODE_SIGN_IDENTITY = "-";
				COPY_PHASE_STRIP = NO;
				DEBUG_INFORMATION_FORMAT = "dwarf-with-dsym";
				ENABLE_NS_ASSERTIONS = NO;
				ENABLE_STRICT_OBJC_MSGSEND = YES;
				GCC_C_LANGUAGE_STANDARD = gnu99;
				GCC_NO_COMMON_BLOCKS = YES;
				GCC_WARN_64_TO_32_BIT_CONVERSION = YES;
				GCC_WARN_ABOUT_RETURN_TYPE = YES_ERROR;
				GCC_WARN_UNDECLARED_SELECTOR = YES;
				GCC_WARN_UNINITIALIZED_AUTOS = YES_AGGRESSIVE;
				GCC_WARN_UNUSED_FUNCTION = YES;
				GCC_WARN_UNUSED_VARIABLE = YES;
				MACOSX_DEPLOYMENT_TARGET = 10.11;
				MTL_ENABLE_DEBUG_INFO = NO;
				SDKROOT = macosx;
			};
			name = Release;
		};
		3C7AEBC41DA71FCF00A61942 /* Debug */ = {
			isa = XCBuildConfiguration;
			buildSettings = {
				PRODUCT_NAME = "$(TARGET_NAME)";
			};
			name = Debug;
		};
		3C7AEBC51DA71FCF00A61942 /* Release */ = {
			isa = XCBuildConfiguration;
			buildSettings = {
				PRODUCT_NAME = "$(TARGET_NAME)";
			};
			name = Release;
		};
/* End XCBuildConfiguration section */

/* Begin XCConfigurationList section */
		3C7AEBB71DA71FCF00A61942 /* Build configuration list for PBXProject "homework4.cpp" */ = {
			isa = XCConfigurationList;
			buildConfigurations = (
				3C7AEBC11DA71FCF00A61942 /* Debug */,
				3C7AEBC21DA71FCF00A61942 /* Release */,
			);
			defaultConfigurationIsVisible = 0;
			defaultConfigurationName = Release;
		};
		3C7AEBC31DA71FCF00A61942 /* Build configuration list for PBXNativeTarget "homework4.cpp" */ = {
			isa = XCConfigurationList;
			buildConfigurations = (
				3C7AEBC41DA71FCF00A61942 /* Debug */,
				3C7AEBC51DA71FCF00A61942 /* Release */,
			);
			defaultConfigurationIsVisible = 0;
			defaultConfigurationName = Release;
		};
/* End XCConfigurationList section */
	};
	rootObject = 3C7AEBB41DA71FCF00A61942 /* Project object */;
}
